// !$*UTF8*$!
{
	archiveVersion = 1;
	classes = {
	};
	objectVersion = 50;
	objects = {

/* Begin PBXBuildFile section */
		696FC21D259D8F0D009EEB4F /* DrawWithSoundApp.swift in Sources */ = {isa = PBXBuildFile; fileRef = 696FC20A259D8F0C009EEB4F /* DrawWithSoundApp.swift */; };
		696FC21E259D8F0D009EEB4F /* DrawWithSoundApp.swift in Sources */ = {isa = PBXBuildFile; fileRef = 696FC20A259D8F0C009EEB4F /* DrawWithSoundApp.swift */; };
		696FC221259D8F0D009EEB4F /* Assets.xcassets in Resources */ = {isa = PBXBuildFile; fileRef = 696FC20C259D8F0D009EEB4F /* Assets.xcassets */; };
		696FC222259D8F0D009EEB4F /* Assets.xcassets in Resources */ = {isa = PBXBuildFile; fileRef = 696FC20C259D8F0D009EEB4F /* Assets.xcassets */; };
		696FC22F259D8F48009EEB4F /* AudioGenerator.swift in Sources */ = {isa = PBXBuildFile; fileRef = 696FC22D259D8F48009EEB4F /* AudioGenerator.swift */; };
		696FC230259D8F48009EEB4F /* AudioGenerator.swift in Sources */ = {isa = PBXBuildFile; fileRef = 696FC22D259D8F48009EEB4F /* AudioGenerator.swift */; };
		696FC231259D8F48009EEB4F /* DrawView.swift in Sources */ = {isa = PBXBuildFile; fileRef = 696FC22E259D8F48009EEB4F /* DrawView.swift */; };
		696FC232259D8F48009EEB4F /* DrawView.swift in Sources */ = {isa = PBXBuildFile; fileRef = 696FC22E259D8F48009EEB4F /* DrawView.swift */; };
/* End PBXBuildFile section */

/* Begin PBXFileReference section */
		696FC20A259D8F0C009EEB4F /* DrawWithSoundApp.swift */ = {isa = PBXFileReference; lastKnownFileType = sourcecode.swift; path = DrawWithSoundApp.swift; sourceTree = "<group>"; };
		696FC20C259D8F0D009EEB4F /* Assets.xcassets */ = {isa = PBXFileReference; lastKnownFileType = folder.assetcatalog; path = Assets.xcassets; sourceTree = "<group>"; };
		696FC211259D8F0D009EEB4F /* DrawWithSound.app */ = {isa = PBXFileReference; explicitFileType = wrapper.application; includeInIndex = 0; path = DrawWithSound.app; sourceTree = BUILT_PRODUCTS_DIR; };
		696FC214259D8F0D009EEB4F /* Info.plist */ = {isa = PBXFileReference; lastKnownFileType = text.plist.xml; path = Info.plist; sourceTree = "<group>"; };
		696FC219259D8F0D009EEB4F /* DrawWithSound.app */ = {isa = PBXFileReference; explicitFileType = wrapper.application; includeInIndex = 0; path = DrawWithSound.app; sourceTree = BUILT_PRODUCTS_DIR; };
		696FC21B259D8F0D009EEB4F /* Info.plist */ = {isa = PBXFileReference; lastKnownFileType = text.plist.xml; path = Info.plist; sourceTree = "<group>"; };
		696FC21C259D8F0D009EEB4F /* macOS.entitlements */ = {isa = PBXFileReference; lastKnownFileType = text.plist.entitlements; path = macOS.entitlements; sourceTree = "<group>"; };
		696FC22D259D8F48009EEB4F /* AudioGenerator.swift */ = {isa = PBXFileReference; fileEncoding = 4; lastKnownFileType = sourcecode.swift; path = AudioGenerator.swift; sourceTree = "<group>"; };
		696FC22E259D8F48009EEB4F /* DrawView.swift */ = {isa = PBXFileReference; fileEncoding = 4; lastKnownFileType = sourcecode.swift; path = DrawView.swift; sourceTree = "<group>"; };
/* End PBXFileReference section */

/* Begin PBXFrameworksBuildPhase section */
		696FC20E259D8F0D009EEB4F /* Frameworks */ = {
			isa = PBXFrameworksBuildPhase;
			buildActionMask = 2147483647;
			files = (
			);
			runOnlyForDeploymentPostprocessing = 0;
		};
		696FC216259D8F0D009EEB4F /* Frameworks */ = {
			isa = PBXFrameworksBuildPhase;
			buildActionMask = 2147483647;
			files = (
			);
			runOnlyForDeploymentPostprocessing = 0;
		};
/* End PBXFrameworksBuildPhase section */

/* Begin PBXGroup section */
		696FC204259D8F0C009EEB4F = {
			isa = PBXGroup;
			children = (
				696FC209259D8F0C009EEB4F /* Shared */,
				696FC213259D8F0D009EEB4F /* iOS */,
				696FC21A259D8F0D009EEB4F /* macOS */,
				696FC212259D8F0D009EEB4F /* Products */,
			);
			sourceTree = "<group>";
		};
		696FC209259D8F0C009EEB4F /* Shared */ = {
			isa = PBXGroup;
			children = (
				696FC20A259D8F0C009EEB4F /* DrawWithSoundApp.swift */,
				696FC22D259D8F48009EEB4F /* AudioGenerator.swift */,
				696FC22E259D8F48009EEB4F /* DrawView.swift */,
				696FC20C259D8F0D009EEB4F /* Assets.xcassets */,
			);
			path = Shared;
			sourceTree = "<group>";
		};
		696FC212259D8F0D009EEB4F /* Products */ = {
			isa = PBXGroup;
			children = (
				696FC211259D8F0D009EEB4F /* DrawWithSound.app */,
				696FC219259D8F0D009EEB4F /* DrawWithSound.app */,
			);
			name = Products;
			sourceTree = "<group>";
		};
		696FC213259D8F0D009EEB4F /* iOS */ = {
			isa = PBXGroup;
			children = (
				696FC214259D8F0D009EEB4F /* Info.plist */,
			);
			path = iOS;
			sourceTree = "<group>";
		};
		696FC21A259D8F0D009EEB4F /* macOS */ = {
			isa = PBXGroup;
			children = (
				696FC21B259D8F0D009EEB4F /* Info.plist */,
				696FC21C259D8F0D009EEB4F /* macOS.entitlements */,
			);
			path = macOS;
			sourceTree = "<group>";
		};
/* End PBXGroup section */

/* Begin PBXNativeTarget section */
		696FC210259D8F0D009EEB4F /* DrawWithSound (iOS) */ = {
			isa = PBXNativeTarget;
			buildConfigurationList = 696FC225259D8F0D009EEB4F /* Build configuration list for PBXNativeTarget "DrawWithSound (iOS)" */;
			buildPhases = (
				696FC20D259D8F0D009EEB4F /* Sources */,
				696FC20E259D8F0D009EEB4F /* Frameworks */,
				696FC20F259D8F0D009EEB4F /* Resources */,
			);
			buildRules = (
			);
			dependencies = (
			);
			name = "DrawWithSound (iOS)";
			productName = "DrawWithSound (iOS)";
			productReference = 696FC211259D8F0D009EEB4F /* DrawWithSound.app */;
			productType = "com.apple.product-type.application";
		};
		696FC218259D8F0D009EEB4F /* DrawWithSound (macOS) */ = {
			isa = PBXNativeTarget;
			buildConfigurationList = 696FC228259D8F0D009EEB4F /* Build configuration list for PBXNativeTarget "DrawWithSound (macOS)" */;
			buildPhases = (
				696FC215259D8F0D009EEB4F /* Sources */,
				696FC216259D8F0D009EEB4F /* Frameworks */,
				696FC217259D8F0D009EEB4F /* Resources */,
			);
			buildRules = (
			);
			dependencies = (
			);
			name = "DrawWithSound (macOS)";
			productName = "DrawWithSound (macOS)";
			productReference = 696FC219259D8F0D009EEB4F /* DrawWithSound.app */;
			productType = "com.apple.product-type.application";
		};
/* End PBXNativeTarget section */

/* Begin PBXProject section */
		696FC205259D8F0C009EEB4F /* Project object */ = {
			isa = PBXProject;
			attributes = {
				LastSwiftUpdateCheck = 1230;
				LastUpgradeCheck = 1230;
				TargetAttributes = {
					696FC210259D8F0D009EEB4F = {
						CreatedOnToolsVersion = 12.3;
					};
					696FC218259D8F0D009EEB4F = {
						CreatedOnToolsVersion = 12.3;
					};
				};
			};
			buildConfigurationList = 696FC208259D8F0C009EEB4F /* Build configuration list for PBXProject "DrawWithSound" */;
			compatibilityVersion = "Xcode 9.3";
			developmentRegion = en;
			hasScannedForEncodings = 0;
			knownRegions = (
				en,
				Base,
			);
			mainGroup = 696FC204259D8F0C009EEB4F;
			productRefGroup = 696FC212259D8F0D009EEB4F /* Products */;
			projectDirPath = "";
			projectRoot = "";
			targets = (
				696FC210259D8F0D009EEB4F /* DrawWithSound (iOS) */,
				696FC218259D8F0D009EEB4F /* DrawWithSound (macOS) */,
			);
		};
/* End PBXProject section */

/* Begin PBXResourcesBuildPhase section */
		696FC20F259D8F0D009EEB4F /* Resources */ = {
			isa = PBXResourcesBuildPhase;
			buildActionMask = 2147483647;
			files = (
				696FC221259D8F0D009EEB4F /* Assets.xcassets in Resources */,
			);
			runOnlyForDeploymentPostprocessing = 0;
		};
		696FC217259D8F0D009EEB4F /* Resources */ = {
			isa = PBXResourcesBuildPhase;
			buildActionMask = 2147483647;
			files = (
				696FC222259D8F0D009EEB4F /* Assets.xcassets in Resources */,
			);
			runOnlyForDeploymentPostprocessing = 0;
		};
/* End PBXResourcesBuildPhase section */

/* Begin PBXSourcesBuildPhase section */
		696FC20D259D8F0D009EEB4F /* Sources */ = {
			isa = PBXSourcesBuildPhase;
			buildActionMask = 2147483647;
			files = (
				696FC21D259D8F0D009EEB4F /* DrawWithSoundApp.swift in Sources */,
				696FC231259D8F48009EEB4F /* DrawView.swift in Sources */,
				696FC22F259D8F48009EEB4F /* AudioGenerator.swift in Sources */,
			);
			runOnlyForDeploymentPostprocessing = 0;
		};
		696FC215259D8F0D009EEB4F /* Sources */ = {
			isa = PBXSourcesBuildPhase;
			buildActionMask = 2147483647;
			files = (
				696FC21E259D8F0D009EEB4F /* DrawWithSoundApp.swift in Sources */,
				696FC232259D8F48009EEB4F /* DrawView.swift in Sources */,
				696FC230259D8F48009EEB4F /* AudioGenerator.swift in Sources */,
			);
			runOnlyForDeploymentPostprocessing = 0;
		};
/* End PBXSourcesBuildPhase section */

/* Begin XCBuildConfiguration section */
		696FC223259D8F0D009EEB4F /* Debug */ = {
			isa = XCBuildConfiguration;
			buildSettings = {
				ALWAYS_SEARCH_USER_PATHS = NO;
				CLANG_ANALYZER_NONNULL = YES;
				CLANG_ANALYZER_NUMBER_OBJECT_CONVERSION = YES_AGGRESSIVE;
				CLANG_CXX_LANGUAGE_STANDARD = "gnu++14";
				CLANG_CXX_LIBRARY = "libc++";
				CLANG_ENABLE_MODULES = YES;
				CLANG_ENABLE_OBJC_ARC = YES;
				CLANG_ENABLE_OBJC_WEAK = YES;
				CLANG_WARN_BLOCK_CAPTURE_AUTORELEASING = YES;
				CLANG_WARN_BOOL_CONVERSION = YES;
				CLANG_WARN_COMMA = YES;
				CLANG_WARN_CONSTANT_CONVERSION = YES;
				CLANG_WARN_DEPRECATED_OBJC_IMPLEMENTATIONS = YES;
				CLANG_WARN_DIRECT_OBJC_ISA_USAGE = YES_ERROR;
				CLANG_WARN_DOCUMENTATION_COMMENTS = YES;
				CLANG_WARN_EMPTY_BODY = YES;
				CLANG_WARN_ENUM_CONVERSION = YES;
				CLANG_WARN_INFINITE_RECURSION = YES;
				CLANG_WARN_INT_CONVERSION = YES;
				CLANG_WARN_NON_LITERAL_NULL_CONVERSION = YES;
				CLANG_WARN_OBJC_IMPLICIT_RETAIN_SELF = YES;
				CLANG_WARN_OBJC_LITERAL_CONVERSION = YES;
				CLANG_WARN_OBJC_ROOT_CLASS = YES_ERROR;
				CLANG_WARN_QUOTED_INCLUDE_IN_FRAMEWORK_HEADER = YES;
				CLANG_WARN_RANGE_LOOP_ANALYSIS = YES;
				CLANG_WARN_STRICT_PROTOTYPES = YES;
				CLANG_WARN_SUSPICIOUS_MOVE = YES;
				CLANG_WARN_UNGUARDED_AVAILABILITY = YES_AGGRESSIVE;
				CLANG_WARN_UNREACHABLE_CODE = YES;
				CLANG_WARN__DUPLICATE_METHOD_MATCH = YES;
				COPY_PHASE_STRIP = NO;
				DEBUG_INFORMATION_FORMAT = dwarf;
				ENABLE_STRICT_OBJC_MSGSEND = YES;
				ENABLE_TESTABILITY = YES;
				GCC_C_LANGUAGE_STANDARD = gnu11;
				GCC_DYNAMIC_NO_PIC = NO;
				GCC_NO_COMMON_BLOCKS = YES;
				GCC_OPTIMIZATION_LEVEL = 0;
				GCC_PREPROCESSOR_DEFINITIONS = (
					"DEBUG=1",
					"$(inherited)",
				);
				GCC_WARN_64_TO_32_BIT_CONVERSION = YES;
				GCC_WARN_ABOUT_RETURN_TYPE = YES_ERROR;
				GCC_WARN_UNDECLARED_SELECTOR = YES;
				GCC_WARN_UNINITIALIZED_AUTOS = YES_AGGRESSIVE;
				GCC_WARN_UNUSED_FUNCTION = YES;
				GCC_WARN_UNUSED_VARIABLE = YES;
				MTL_ENABLE_DEBUG_INFO = INCLUDE_SOURCE;
				MTL_FAST_MATH = YES;
				ONLY_ACTIVE_ARCH = YES;
				SWIFT_ACTIVE_COMPILATION_CONDITIONS = DEBUG;
				SWIFT_OPTIMIZATION_LEVEL = "-Onone";
			};
			name = Debug;
		};
		696FC224259D8F0D009EEB4F /* Release */ = {
			isa = XCBuildConfiguration;
			buildSettings = {
				ALWAYS_SEARCH_USER_PATHS = NO;
				CLANG_ANALYZER_NONNULL = YES;
				CLANG_ANALYZER_NUMBER_OBJECT_CONVERSION = YES_AGGRESSIVE;
				CLANG_CXX_LANGUAGE_STANDARD = "gnu++14";
				CLANG_CXX_LIBRARY = "libc++";
				CLANG_ENABLE_MODULES = YES;
				CLANG_ENABLE_OBJC_ARC = YES;
				CLANG_ENABLE_OBJC_WEAK = YES;
				CLANG_WARN_BLOCK_CAPTURE_AUTORELEASING = YES;
				CLANG_WARN_BOOL_CONVERSION = YES;
				CLANG_WARN_COMMA = YES;
				CLANG_WARN_CONSTANT_CONVERSION = YES;
				CLANG_WARN_DEPRECATED_OBJC_IMPLEMENTATIONS = YES;
				CLANG_WARN_DIRECT_OBJC_ISA_USAGE = YES_ERROR;
				CLANG_WARN_DOCUMENTATION_COMMENTS = YES;
				CLANG_WARN_EMPTY_BODY = YES;
				CLANG_WARN_ENUM_CONVERSION = YES;
				CLANG_WARN_INFINITE_RECURSION = YES;
				CLANG_WARN_INT_CONVERSION = YES;
				CLANG_WARN_NON_LITERAL_NULL_CONVERSION = YES;
				CLANG_WARN_OBJC_IMPLICIT_RETAIN_SELF = YES;
				CLANG_WARN_OBJC_LITERAL_CONVERSION = YES;
				CLANG_WARN_OBJC_ROOT_CLASS = YES_ERROR;
				CLANG_WARN_QUOTED_INCLUDE_IN_FRAMEWORK_HEADER = YES;
				CLANG_WARN_RANGE_LOOP_ANALYSIS = YES;
				CLANG_WARN_STRICT_PROTOTYPES = YES;
				CLANG_WARN_SUSPICIOUS_MOVE = YES;
				CLANG_WARN_UNGUARDED_AVAILABILITY = YES_AGGRESSIVE;
				CLANG_WARN_UNREACHABLE_CODE = YES;
				CLANG_WARN__DUPLICATE_METHOD_MATCH = YES;
				COPY_PHASE_STRIP = NO;
				DEBUG_INFORMATION_FORMAT = "dwarf-with-dsym";
				ENABLE_NS_ASSERTIONS = NO;
				ENABLE_STRICT_OBJC_MSGSEND = YES;
				GCC_C_LANGUAGE_STANDARD = gnu11;
				GCC_NO_COMMON_BLOCKS = YES;
				GCC_WARN_64_TO_32_BIT_CONVERSION = YES;
				GCC_WARN_ABOUT_RETURN_TYPE = YES_ERROR;
				GCC_WARN_UNDECLARED_SELECTOR = YES;
				GCC_WARN_UNINITIALIZED_AUTOS = YES_AGGRESSIVE;
				GCC_WARN_UNUSED_FUNCTION = YES;
				GCC_WARN_UNUSED_VARIABLE = YES;
				MTL_ENABLE_DEBUG_INFO = NO;
				MTL_FAST_MATH = YES;
				SWIFT_COMPILATION_MODE = wholemodule;
				SWIFT_OPTIMIZATION_LEVEL = "-O";
			};
			name = Release;
		};
		696FC226259D8F0D009EEB4F /* Debug */ = {
			isa = XCBuildConfiguration;
			buildSettings = {
				ASSETCATALOG_COMPILER_APPICON_NAME = AppIcon;
				ASSETCATALOG_COMPILER_GLOBAL_ACCENT_COLOR_NAME = AccentColor;
				CODE_SIGN_STYLE = Automatic;
				DEVELOPMENT_TEAM = A2TF2C92PA;
				ENABLE_PREVIEWS = YES;
				INFOPLIST_FILE = iOS/Info.plist;
				IPHONEOS_DEPLOYMENT_TARGET = 14.0;
				LD_RUNPATH_SEARCH_PATHS = (
					"$(inherited)",
					"@executable_path/Frameworks",
				);
				PRODUCT_BUNDLE_IDENTIFIER = fukuno.jig.jp.DrawWithSound;
				PRODUCT_NAME = DrawWithSound;
				SDKROOT = iphoneos;
				SWIFT_VERSION = 5.0;
				TARGETED_DEVICE_FAMILY = "1,2";
			};
			name = Debug;
		};
		696FC227259D8F0D009EEB4F /* Release */ = {
			isa = XCBuildConfiguration;
			buildSettings = {
				ASSETCATALOG_COMPILER_APPICON_NAME = AppIcon;
				ASSETCATALOG_COMPILER_GLOBAL_ACCENT_COLOR_NAME = AccentColor;
				CODE_SIGN_STYLE = Automatic;
				DEVELOPMENT_TEAM = A2TF2C92PA;
				ENABLE_PREVIEWS = YES;
				INFOPLIST_FILE = iOS/Info.plist;
				IPHONEOS_DEPLOYMENT_TARGET = 14.0;
				LD_RUNPATH_SEARCH_PATHS = (
					"$(inherited)",
					"@executable_path/Frameworks",
				);
				PRODUCT_BUNDLE_IDENTIFIER = fukuno.jig.jp.DrawWithSound;
				PRODUCT_NAME = DrawWithSound;
				SDKROOT = iphoneos;
				SWIFT_VERSION = 5.0;
				TARGETED_DEVICE_FAMILY = "1,2";
				VALIDATE_PRODUCT = YES;
			};
			name = Release;
		};
		696FC229259D8F0D009EEB4F /* Debug */ = {
			isa = XCBuildConfiguration;
			buildSettings = {
				ASSETCATALOG_COMPILER_APPICON_NAME = AppIcon;
				ASSETCATALOG_COMPILER_GLOBAL_ACCENT_COLOR_NAME = AccentColor;
				CODE_SIGN_ENTITLEMENTS = macOS/macOS.entitlements;
				CODE_SIGN_STYLE = Automatic;
				COMBINE_HIDPI_IMAGES = YES;
				ENABLE_PREVIEWS = YES;
				INFOPLIST_FILE = macOS/Info.plist;
				LD_RUNPATH_SEARCH_PATHS = (
					"$(inherited)",
					"@executable_path/../Frameworks",
				);
				MACOSX_DEPLOYMENT_TARGET = 11.0;
				PRODUCT_BUNDLE_IDENTIFIER = fukuno.jig.jp.DrawWithSound;
				PRODUCT_NAME = DrawWithSound;
				SDKROOT = macosx;
				SWIFT_VERSION = 5.0;
			};
			name = Debug;
		};
		696FC22A259D8F0D009EEB4F /* Release */ = {
			isa = XCBuildConfiguration;
			buildSettings = {
				ASSETCATALOG_COMPILER_APPICON_NAME = AppIcon;
				ASSETCATALOG_COMPILER_GLOBAL_ACCENT_COLOR_NAME = AccentColor;
				CODE_SIGN_ENTITLEMENTS = macOS/macOS.entitlements;
				CODE_SIGN_STYLE = Automatic;
				COMBINE_HIDPI_IMAGES = YES;
				ENABLE_PREVIEWS = YES;
				INFOPLIST_FILE = macOS/Info.plist;
				LD_RUNPATH_SEARCH_PATHS = (
					"$(inherited)",
					"@executable_path/../Frameworks",
				);
				MACOSX_DEPLOYMENT_TARGET = 11.0;
				PRODUCT_BUNDLE_IDENTIFIER = fukuno.jig.jp.DrawWithSound;
				PRODUCT_NAME = DrawWithSound;
				SDKROOT = macosx;
				SWIFT_VERSION = 5.0;
			};
			name = Release;
		};
/* End XCBuildConfiguration section */

/* Begin XCConfigurationList section */
		696FC208259D8F0C009EEB4F /* Build configuration list for PBXProject "DrawWithSound" */ = {
			isa = XCConfigurationList;
			buildConfigurations = (
				696FC223259D8F0D009EEB4F /* Debug */,
				696FC224259D8F0D009EEB4F /* Release */,
			);
			defaultConfigurationIsVisible = 0;
			defaultConfigurationName = Release;
		};
		696FC225259D8F0D009EEB4F /* Build configuration list for PBXNativeTarget "DrawWithSound (iOS)" */ = {
			isa = XCConfigurationList;
			buildConfigurations = (
				696FC226259D8F0D009EEB4F /* Debug */,
				696FC227259D8F0D009EEB4F /* Release */,
			);
			defaultConfigurationIsVisible = 0;
			defaultConfigurationName = Release;
		};
		696FC228259D8F0D009EEB4F /* Build configuration list for PBXNativeTarget "DrawWithSound (macOS)" */ = {
			isa = XCConfigurationList;
			buildConfigurations = (
				696FC229259D8F0D009EEB4F /* Debug */,
				696FC22A259D8F0D009EEB4F /* Release */,
			);
			defaultConfigurationIsVisible = 0;
			defaultConfigurationName = Release;
		};
/* End XCConfigurationList section */
	};
	rootObject = 696FC205259D8F0C009EEB4F /* Project object */;
}
